Microsoft Visual Studio Solution File, Format Version 12.00
# Visual Studio Version 17
VisualStudioVersion = 17.5.2.0
MinimumVisualStudioVersion = 10.0.40219.1
Project("{2150E333-8FDC-42A3-9474-1A3956D46DE8}") = "Untitled Field Medic Game", "Untitled Field Medic Game", "{6B339353-7D7F-174C-EB8B-E41F34160CE8}"
EndProject
Project("{FAE04EC0-301F-11D3-BF4B-00C04F79EFBC}") = "Assembly-CSharp", "Untitled Field Medic Game\Assembly-CSharp.csproj", "{F2533286-106F-ECDB-94DD-E155C4FCB88E}"
EndProject
Global
	GlobalSection(SolutionConfigurationPlatforms) = preSolution
		Debug|Any CPU = Debug|Any CPU
		Release|Any CPU = Release|Any CPU
	EndGlobalSection
	GlobalSection(ProjectConfigurationPlatforms) = postSolution
		{F2533286-106F-ECDB-94DD-E155C4FCB88E}.Debug|Any CPU.ActiveCfg = Debug|Any CPU
		{F2533286-106F-ECDB-94DD-E155C4FCB88E}.Debug|Any CPU.Build.0 = Debug|Any CPU
		{F2533286-106F-ECDB-94DD-E155C4FCB88E}.Release|Any CPU.ActiveCfg = Release|Any CPU
		{F2533286-106F-ECDB-94DD-E155C4FCB88E}.Release|Any CPU.Build.0 = Release|Any CPU
	EndGlobalSection
	GlobalSection(SolutionProperties) = preSolution
		HideSolutionNode = FALSE
	EndGlobalSection
	GlobalSection(NestedProjects) = preSolution
		{F2533286-106F-ECDB-94DD-E155C4FCB88E} = {6B339353-7D7F-174C-EB8B-E41F34160CE8}
	EndGlobalSection
	GlobalSection(ExtensibilityGlobals) = postSolution
		SolutionGuid = {43C96218-FBD5-4408-BF35-65DD7921A890}
	EndGlobalSection
EndGlobal
